
Microsoft Visual Studio Solution File, Format Version 12.00
# Visual Studio Version 17
VisualStudioVersion = 17.2.32526.322
MinimumVisualStudioVersion = 10.0.40219.1
Project("{FAE04EC0-301F-11D3-BF4B-00C04F79EFBC}") = "EmployeeManagment2", "EmployeeManagment2\EmployeeManagment2.csproj", "{58402A7E-9D39-4D96-8990-D1BAF263126A}"
EndProject
Global
	GlobalSection(SolutionConfigurationPlatforms) = preSolution
		Debug|Any CPU = Debug|Any CPU
		Release|Any CPU = Release|Any CPU
	EndGlobalSection
	GlobalSection(ProjectConfigurationPlatforms) = postSolution
		{58402A7E-9D39-4D96-8990-D1BAF263126A}.Debug|Any CPU.ActiveCfg = Debug|Any CPU
		{58402A7E-9D39-4D96-8990-D1BAF263126A}.Debug|Any CPU.Build.0 = Debug|Any CPU
		{58402A7E-9D39-4D96-8990-D1BAF263126A}.Release|Any CPU.ActiveCfg = Release|Any CPU
		{58402A7E-9D39-4D96-8990-D1BAF263126A}.Release|Any CPU.Build.0 = Release|Any CPU
	EndGlobalSection
	GlobalSection(SolutionProperties) = preSolution
		HideSolutionNode = FALSE
	EndGlobalSection
	GlobalSection(ExtensibilityGlobals) = postSolution
		SolutionGuid = {8491407A-5411-47E0-9569-83400655E0A3}
	EndGlobalSection
EndGlobal
